<?xml version="1.0" encoding="utf-8"?>
<Project ToolsVersion="4.0" xmlns="http://schemas.microsoft.com/developer/msbuild/2003">
  <ItemGroup>
    <Filter Include="Source Files">
      <UniqueIdentifier>{E1D2C3B4-A5F6-4789-9ABC-DEF012345678}</UniqueIdentifier>
      <Extensions>cpp;c;cc;cxx;c++;def;odl;idl;hpj;bat;asm;asmx</Extensions>
    </Filter>
    <Filter Include="Header Files">
      <UniqueIdentifier>{C1B2A3D4-E5F6-4789-9ABC-DEF012345679}</UniqueIdentifier>
      <Extensions>h;hh;hpp;hxx;h++;hm;inl;inc;ipp;xsd</Extensions>
    </Filter>
  </ItemGroup>
  <ItemGroup>
    <ClInclude Include="MassRules.h">
      <Filter>Header Files</Filter>
    </ClInclude>
    <ClInclude Include="MassRuleParser.h">
      <Filter>Header Files</Filter>
    </ClInclude>
    <ClInclude Include="MassRuleCompiler.h">
      <Filter>Header Files</Filter>
    </ClInclude>
    <ClInclude Include="MassMeshBuilder.h">
      <Filter>Header Files</Filter>
    </ClInclude>
    <ClInclude Include="Graph\MassNodeTree.h">
      <Filter>Header Files</Filter>
    </ClInclude>
    <ClInclude Include="Backends\Mesh\MassMeshBackend.h">
      <Filter>Header Files</Filter>
    </ClInclude>
    <ClInclude Include="Backends\Blueprint\MassBlueprintBackend.h">
      <Filter>Header Files</Filter>
    </ClInclude>
  </ItemGroup>
  <ItemGroup>
    <ClCompile Include="MassRules.cpp">
      <Filter>Source Files</Filter>
    </ClCompile>
    <ClCompile Include="MassRuleParser.cpp">
      <Filter>Source Files</Filter>
    </ClCompile>
    <ClCompile Include="MassRuleCompiler.cpp">
      <Filter>Source Files</Filter>
    </ClCompile>
    <ClCompile Include="MassMeshBuilder.cpp">
      <Filter>Source Files</Filter>
    </ClCompile>
  </ItemGroup>
</Project>
