<?xml version="1.0" encoding="utf-8"?>
<Project ToolsVersion="4.0" xmlns="http://schemas.microsoft.com/developer/msbuild/2003">
  <ItemGroup>
    <Filter Include="Header Files">
      <UniqueIdentifier>{93995380-89BD-4B04-88EB-625FBE52EBFB}</UniqueIdentifier>
      <Extensions>h;hh;hpp;hxx;h++;hm;inl;inc;ipp;xsd</Extensions>
    </Filter>
    <Filter Include="Source Files">
      <UniqueIdentifier>{4FC737F1-C7A5-4376-A066-2A32D752A2FF}</UniqueIdentifier>
      <Extensions>cpp;c;cc;cxx;c++;cppm;ixx;def;odl;idl;hpj;bat;asm;asmx</Extensions>
    </Filter>
  </ItemGroup>
  <ItemGroup>
    <ClInclude Include="BuildingAuthoringWorkflow.h">
      <Filter>Header Files</Filter>
    </ClInclude>
    <ClInclude Include="BuildingAuthoringPrompt.h">
      <Filter>Header Files</Filter>
    </ClInclude>
    <ClInclude Include="BuildingAuthoringReadiness.h">
      <Filter>Header Files</Filter>
    </ClInclude>
    <ClInclude Include="BuildingElementRules.h">
      <Filter>Header Files</Filter>
    </ClInclude>
    <ClInclude Include="BuildingQualityChecks.h">
      <Filter>Header Files</Filter>
    </ClInclude>
    <ClInclude Include="Building.h">
      <Filter>Header Files</Filter>
    </ClInclude>
    <ClInclude Include="BuildingGenerationInputs.h">
      <Filter>Header Files</Filter>
    </ClInclude>
    <ClInclude Include="BuildingGeometryUtils.h">
      <Filter>Header Files</Filter>
    </ClInclude>
    <ClInclude Include="BuildingTypology.h">
      <Filter>Header Files</Filter>
    </ClInclude>
    <ClInclude Include="BuildingIndex.h">
      <Filter>Header Files</Filter>
    </ClInclude>
    <ClInclude Include="BuildingPipeline.h">
      <Filter>Header Files</Filter>
    </ClInclude>
    <ClInclude Include="BuildingToObjectBlueprintConverter.h">
      <Filter>Header Files</Filter>
    </ClInclude>
    <ClInclude Include="BuildingTypes.h">
      <Filter>Header Files</Filter>
    </ClInclude>
    <ClInclude Include="DoorGenerator.h">
      <Filter>Header Files</Filter>
    </ClInclude>
    <ClInclude Include="EdgeTopologyBuilder.h">
      <Filter>Header Files</Filter>
    </ClInclude>
    <ClInclude Include="FacadeGenerator.h">
      <Filter>Header Files</Filter>
    </ClInclude>
    <ClInclude Include="GridCoord.h">
      <Filter>Header Files</Filter>
    </ClInclude>
    <ClInclude Include="LayoutResolver.h">
      <Filter>Header Files</Filter>
    </ClInclude>
    <ClInclude Include="LayoutTypologyPolicy.h">
      <Filter>Header Files</Filter>
    </ClInclude>
    <ClInclude Include="LayoutValidator.h">
      <Filter>Header Files</Filter>
    </ClInclude>
    <ClInclude Include="MassFloorPlateGenerator.h">
      <Filter>Header Files</Filter>
    </ClInclude>
    <ClInclude Include="OfficeFloorLayoutSolver.h">
      <Filter>Header Files</Filter>
    </ClInclude>
    <ClInclude Include="ResidentialFloorLayoutSolver.h">
      <Filter>Header Files</Filter>
    </ClInclude>
    <ClInclude Include="RetailFloorLayoutSolver.h">
      <Filter>Header Files</Filter>
    </ClInclude>
    <ClInclude Include="SemanticBuildingResolver.h">
      <Filter>Header Files</Filter>
    </ClInclude>
    <ClInclude Include="SemanticBuildingTypes.h">
      <Filter>Header Files</Filter>
    </ClInclude>
    <ClInclude Include="SemanticBuildingValidator.h">
      <Filter>Header Files</Filter>
    </ClInclude>
    <ClInclude Include="SchemaValidator.h">
      <Filter>Header Files</Filter>
    </ClInclude>
    <ClInclude Include="SemanticFloorLayoutGenerator.h">
      <Filter>Header Files</Filter>
    </ClInclude>
    <ClInclude Include="SpaceGraphBuilder.h">
      <Filter>Header Files</Filter>
    </ClInclude>
    <ClInclude Include="StairGenerator.h">
      <Filter>Header Files</Filter>
    </ClInclude>
    <ClInclude Include="StructuralPlanGenerator.h">
      <Filter>Header Files</Filter>
    </ClInclude>
    <ClInclude Include="WallGenerator.h">
      <Filter>Header Files</Filter>
    </ClInclude>
  </ItemGroup>
  <ItemGroup>
    <ClCompile Include="BuildingAuthoringWorkflow.cpp">
      <Filter>Source Files</Filter>
    </ClCompile>
    <ClCompile Include="BuildingAuthoringPrompt.cpp">
      <Filter>Source Files</Filter>
    </ClCompile>
    <ClCompile Include="BuildingAuthoringReadiness.cpp">
      <Filter>Source Files</Filter>
    </ClCompile>
    <ClCompile Include="BuildingElementRules.cpp">
      <Filter>Source Files</Filter>
    </ClCompile>
    <ClCompile Include="BuildingQualityChecks.cpp">
      <Filter>Source Files</Filter>
    </ClCompile>
    <ClCompile Include="BuildingGenerationInputs.cpp">
      <Filter>Source Files</Filter>
    </ClCompile>
    <ClCompile Include="BuildingTypology.cpp">
      <Filter>Source Files</Filter>
    </ClCompile>
    <ClCompile Include="BuildingIndex.cpp">
      <Filter>Source Files</Filter>
    </ClCompile>
    <ClCompile Include="BuildingPipeline.cpp">
      <Filter>Source Files</Filter>
    </ClCompile>
    <ClCompile Include="BuildingToObjectBlueprintConverter.cpp">
      <Filter>Source Files</Filter>
    </ClCompile>
    <ClCompile Include="DoorGenerator.cpp">
      <Filter>Source Files</Filter>
    </ClCompile>
    <ClCompile Include="EdgeTopologyBuilder.cpp">
      <Filter>Source Files</Filter>
    </ClCompile>
    <ClCompile Include="FacadeGenerator.cpp">
      <Filter>Source Files</Filter>
    </ClCompile>
    <ClCompile Include="LayoutResolver.cpp">
      <Filter>Source Files</Filter>
    </ClCompile>
    <ClCompile Include="LayoutTypologyPolicy.cpp">
      <Filter>Source Files</Filter>
    </ClCompile>
    <ClCompile Include="LayoutValidator.cpp">
      <Filter>Source Files</Filter>
    </ClCompile>
    <ClCompile Include="MassFloorPlateGenerator.cpp">
      <Filter>Source Files</Filter>
    </ClCompile>
    <ClCompile Include="OfficeFloorLayoutSolver.cpp">
      <Filter>Source Files</Filter>
    </ClCompile>
    <ClCompile Include="ResidentialFloorLayoutSolver.cpp">
      <Filter>Source Files</Filter>
    </ClCompile>
    <ClCompile Include="RetailFloorLayoutSolver.cpp">
      <Filter>Source Files</Filter>
    </ClCompile>
    <ClCompile Include="SemanticBuildingResolver.cpp">
      <Filter>Source Files</Filter>
    </ClCompile>
    <ClCompile Include="SemanticBuildingParser.cpp">
      <Filter>Source Files</Filter>
    </ClCompile>
    <ClCompile Include="SemanticBuildingValidator.cpp">
      <Filter>Source Files</Filter>
    </ClCompile>
    <ClCompile Include="SchemaValidator.cpp">
      <Filter>Source Files</Filter>
    </ClCompile>
    <ClCompile Include="SemanticFloorLayoutGenerator.cpp">
      <Filter>Source Files</Filter>
    </ClCompile>
    <ClCompile Include="SpaceGraphBuilder.cpp">
      <Filter>Source Files</Filter>
    </ClCompile>
    <ClCompile Include="StairGenerator.cpp">
      <Filter>Source Files</Filter>
    </ClCompile>
    <ClCompile Include="StructuralPlanGenerator.cpp">
      <Filter>Source Files</Filter>
    </ClCompile>
    <ClCompile Include="WallGenerator.cpp">
      <Filter>Source Files</Filter>
    </ClCompile>
  </ItemGroup>
</Project>
