<?xml version="1.0" encoding="utf-8"?>
<Project ToolsVersion="4.0" xmlns="http://schemas.microsoft.com/developer/msbuild/2003">
  <ItemGroup>
    <Filter Include="Source Files">
      <UniqueIdentifier>{17BF8A0C-7B42-4F93-BF4B-2D379C402D01}</UniqueIdentifier>
      <Extensions>cpp;c;cc;cxx;c++;def;odl;idl;hpj;bat;asm;asmx</Extensions>
    </Filter>
    <Filter Include="Header Files">
      <UniqueIdentifier>{DFDAD8A5-E9D4-49CE-8EA0-17A6C9D77891}</UniqueIdentifier>
      <Extensions>h;hh;hpp;hxx;hm;inl;inc;ipp;xsd</Extensions>
    </Filter>
  </ItemGroup>
  <ItemGroup>
    <ClInclude Include="VehicleCameraRig.h">
      <Filter>Header Files</Filter>
    </ClInclude>
    <ClInclude Include="VehicleComponent.h">
      <Filter>Header Files</Filter>
    </ClInclude>
    <ClInclude Include="VehicleFactory.h">
      <Filter>Header Files</Filter>
    </ClInclude>
    <ClInclude Include="VehicleInteractionService.h">
      <Filter>Header Files</Filter>
    </ClInclude>
    <ClInclude Include="VehicleTypes.h">
      <Filter>Header Files</Filter>
    </ClInclude>
  </ItemGroup>
  <ItemGroup>
    <ClCompile Include="VehicleCameraRig.cpp">
      <Filter>Source Files</Filter>
    </ClCompile>
    <ClCompile Include="VehicleComponent.cpp">
      <Filter>Source Files</Filter>
    </ClCompile>
    <ClCompile Include="VehicleFactory.cpp">
      <Filter>Source Files</Filter>
    </ClCompile>
    <ClCompile Include="VehicleInteractionService.cpp">
      <Filter>Source Files</Filter>
    </ClCompile>
  </ItemGroup>
</Project>
